// !$*UTF8*$!
{
	archiveVersion = 1;
	classes = {
	};
	objectVersion = 46;
	objects = {

/* Begin PBXBuildFile section */
		C0A0B5051D537FF30070E04F /* AppDelegate.swift in Sources */ = {isa = PBXBuildFile; fileRef = C0A0B5041D537FF30070E04F /* AppDelegate.swift */; };
		C0A0B5071D537FF30070E04F /* ViewController.swift in Sources */ = {isa = PBXBuildFile; fileRef = C0A0B5061D537FF30070E04F /* ViewController.swift */; };
		C0A0B50A1D537FF30070E04F /* Main.storyboard in Resources */ = {isa = PBXBuildFile; fileRef = C0A0B5081D537FF30070E04F /* Main.storyboard */; };
		C0A0B50C1D537FF30070E04F /* Assets.xcassets in Resources */ = {isa = PBXBuildFile; fileRef = C0A0B50B1D537FF30070E04F /* Assets.xcassets */; };
		C0A0B50F1D537FF30070E04F /* LaunchScreen.storyboard in Resources */ = {isa = PBXBuildFile; fileRef = C0A0B50D1D537FF30070E04F /* LaunchScreen.storyboard */; };
		C0A0B51A1D537FF30070E04F /* CaipuTests.swift in Sources */ = {isa = PBXBuildFile; fileRef = C0A0B5191D537FF30070E04F /* CaipuTests.swift */; };
		C0A0B5251D537FF30070E04F /* CaipuUITests.swift in Sources */ = {isa = PBXBuildFile; fileRef = C0A0B5241D537FF30070E04F /* CaipuUITests.swift */; };
/* End PBXBuildFile section */

/* Begin PBXContainerItemProxy section */
		C0A0B5161D537FF30070E04F /* PBXContainerItemProxy */ = {
			isa = PBXContainerItemProxy;
			containerPortal = C0A0B4F91D537FF30070E04F /* Project object */;
			proxyType = 1;
			remoteGlobalIDString = C0A0B5001D537FF30070E04F;
			remoteInfo = Caipu;
		};
		C0A0B5211D537FF30070E04F /* PBXContainerItemProxy */ = {
			isa = PBXContainerItemProxy;
			containerPortal = C0A0B4F91D537FF30070E04F /* Project object */;
			proxyType = 1;
			remoteGlobalIDString = C0A0B5001D537FF30070E04F;
			remoteInfo = Caipu;
		};
/* End PBXContainerItemProxy section */

/* Begin PBXFileReference section */
		C0A0B5011D537FF30070E04F /* Caipu.app */ = {isa = PBXFileReference; explicitFileType = wrapper.application; includeInIndex = 0; path = Caipu.app; sourceTree = BUILT_PRODUCTS_DIR; };
		C0A0B5041D537FF30070E04F /* AppDelegate.swift */ = {isa = PBXFileReference; lastKnownFileType = sourcecode.swift; path = AppDelegate.swift; sourceTree = "<group>"; };
		C0A0B5061D537FF30070E04F /* ViewController.swift */ = {isa = PBXFileReference; lastKnownFileType = sourcecode.swift; path = ViewController.swift; sourceTree = "<group>"; };
		C0A0B5091D537FF30070E04F /* Base */ = {isa = PBXFileReference; lastKnownFileType = file.storyboard; name = Base; path = Base.lproj/Main.storyboard; sourceTree = "<group>"; };
		C0A0B50B1D537FF30070E04F /* Assets.xcassets */ = {isa = PBXFileReference; lastKnownFileType = folder.assetcatalog; path = Assets.xcassets; sourceTree = "<group>"; };
		C0A0B50E1D537FF30070E04F /* Base */ = {isa = PBXFileReference; lastKnownFileType = file.storyboard; name = Base; path = Base.lproj/LaunchScreen.storyboard; sourceTree = "<group>"; };
		C0A0B5101D537FF30070E04F /* Info.plist */ = {isa = PBXFileReference; lastKnownFileType = text.plist.xml; path = Info.plist; sourceTree = "<group>"; };
		C0A0B5151D537FF30070E04F /* CaipuTests.xctest */ = {isa = PBXFileReference; explicitFileType = wrapper.cfbundle; includeInIndex = 0; path = CaipuTests.xctest; sourceTree = BUILT_PRODUCTS_DIR; };
		C0A0B5191D537FF30070E04F /* CaipuTests.swift */ = {isa = PBXFileReference; lastKnownFileType = sourcecode.swift; path = CaipuTests.swift; sourceTree = "<group>"; };
		C0A0B51B1D537FF30070E04F /* Info.plist */ = {isa = PBXFileReference; lastKnownFileType = text.plist.xml; path = Info.plist; sourceTree = "<group>"; };
		C0A0B5201D537FF30070E04F /* CaipuUITests.xctest */ = {isa = PBXFileReference; explicitFileType = wrapper.cfbundle; includeInIndex = 0; path = CaipuUITests.xctest; sourceTree = BUILT_PRODUCTS_DIR; };
		C0A0B5241D537FF30070E04F /* CaipuUITests.swift */ = {isa = PBXFileReference; lastKnownFileType = sourcecode.swift; path = CaipuUITests.swift; sourceTree = "<group>"; };
		C0A0B5261D537FF30070E04F /* Info.plist */ = {isa = PBXFileReference; lastKnownFileType = text.plist.xml; path = Info.plist; sourceTree = "<group>"; };
/* End PBXFileReference section */

/* Begin PBXFrameworksBuildPhase section */
		C0A0B4FE1D537FF30070E04F /* Frameworks */ = {
			isa = PBXFrameworksBuildPhase;
			buildActionMask = 2147483647;
			files = (
			);
			runOnlyForDeploymentPostprocessing = 0;
		};
		C0A0B5121D537FF30070E04F /* Frameworks */ = {
			isa = PBXFrameworksBuildPhase;
			buildActionMask = 2147483647;
			files = (
			);
			runOnlyForDeploymentPostprocessing = 0;
		};
		C0A0B51D1D537FF30070E04F /* Frameworks */ = {
			isa = PBXFrameworksBuildPhase;
			buildActionMask = 2147483647;
			files = (
			);
			runOnlyForDeploymentPostprocessing = 0;
		};
/* End PBXFrameworksBuildPhase section */

/* Begin PBXGroup section */
		C0A0B4F81D537FF30070E04F = {
			isa = PBXGroup;
			children = (
				C0A0B5031D537FF30070E04F /* Caipu */,
				C0A0B5181D537FF30070E04F /* CaipuTests */,
				C0A0B5231D537FF30070E04F /* CaipuUITests */,
				C0A0B5021D537FF30070E04F /* Products */,
			);
			sourceTree = "<group>";
		};
		C0A0B5021D537FF30070E04F /* Products */ = {
			isa = PBXGroup;
			children = (
				C0A0B5011D537FF30070E04F /* Caipu.app */,
				C0A0B5151D537FF30070E04F /* CaipuTests.xctest */,
				C0A0B5201D537FF30070E04F /* CaipuUITests.xctest */,
			);
			name = Products;
			sourceTree = "<group>";
		};
		C0A0B5031D537FF30070E04F /* Caipu */ = {
			isa = PBXGroup;
			children = (
				C0A0B5041D537FF30070E04F /* AppDelegate.swift */,
				C0A0B5061D537FF30070E04F /* ViewController.swift */,
				C0A0B5081D537FF30070E04F /* Main.storyboard */,
				C0A0B50B1D537FF30070E04F /* Assets.xcassets */,
				C0A0B50D1D537FF30070E04F /* LaunchScreen.storyboard */,
				C0A0B5101D537FF30070E04F /* Info.plist */,
			);
			path = Caipu;
			sourceTree = "<group>";
		};
		C0A0B5181D537FF30070E04F /* CaipuTests */ = {
			isa = PBXGroup;
			children = (
				C0A0B5191D537FF30070E04F /* CaipuTests.swift */,
				C0A0B51B1D537FF30070E04F /* Info.plist */,
			);
			path = CaipuTests;
			sourceTree = "<group>";
		};
		C0A0B5231D537FF30070E04F /* CaipuUITests */ = {
			isa = PBXGroup;
			children = (
				C0A0B5241D537FF30070E04F /* CaipuUITests.swift */,
				C0A0B5261D537FF30070E04F /* Info.plist */,
			);
			path = CaipuUITests;
			sourceTree = "<group>";
		};
/* End PBXGroup section */

/* Begin PBXNativeTarget section */
		C0A0B5001D537FF30070E04F /* Caipu */ = {
			isa = PBXNativeTarget;
			buildConfigurationList = C0A0B5291D537FF30070E04F /* Build configuration list for PBXNativeTarget "Caipu" */;
			buildPhases = (
				C0A0B4FD1D537FF30070E04F /* Sources */,
				C0A0B4FE1D537FF30070E04F /* Frameworks */,
				C0A0B4FF1D537FF30070E04F /* Resources */,
			);
			buildRules = (
			);
			dependencies = (
			);
			name = Caipu;
			productName = Caipu;
			productReference = C0A0B5011D537FF30070E04F /* Caipu.app */;
			productType = "com.apple.product-type.application";
		};
		C0A0B5141D537FF30070E04F /* CaipuTests */ = {
			isa = PBXNativeTarget;
			buildConfigurationList = C0A0B52C1D537FF30070E04F /* Build configuration list for PBXNativeTarget "CaipuTests" */;
			buildPhases = (
				C0A0B5111D537FF30070E04F /* Sources */,
				C0A0B5121D537FF30070E04F /* Frameworks */,
				C0A0B5131D537FF30070E04F /* Resources */,
			);
			buildRules = (
			);
			dependencies = (
				C0A0B5171D537FF30070E04F /* PBXTargetDependency */,
			);
			name = CaipuTests;
			productName = CaipuTests;
			productReference = C0A0B5151D537FF30070E04F /* CaipuTests.xctest */;
			productType = "com.apple.product-type.bundle.unit-test";
		};
		C0A0B51F1D537FF30070E04F /* CaipuUITests */ = {
			isa = PBXNativeTarget;
			buildConfigurationList = C0A0B52F1D537FF30070E04F /* Build configuration list for PBXNativeTarget "CaipuUITests" */;
			buildPhases = (
				C0A0B51C1D537FF30070E04F /* Sources */,
				C0A0B51D1D537FF30070E04F /* Frameworks */,
				C0A0B51E1D537FF30070E04F /* Resources */,
			);
			buildRules = (
			);
			dependencies = (
				C0A0B5221D537FF30070E04F /* PBXTargetDependency */,
			);
			name = CaipuUITests;
			productName = CaipuUITests;
			productReference = C0A0B5201D537FF30070E04F /* CaipuUITests.xctest */;
			productType = "com.apple.product-type.bundle.ui-testing";
		};
/* End PBXNativeTarget section */

/* Begin PBXProject section */
		C0A0B4F91D537FF30070E04F /* Project object */ = {
			isa = PBXProject;
			attributes = {
				LastSwiftUpdateCheck = 0730;
				LastUpgradeCheck = 0730;
				ORGANIZATIONNAME = "李峰";
				TargetAttributes = {
					C0A0B5001D537FF30070E04F = {
						CreatedOnToolsVersion = 7.3.1;
						DevelopmentTeam = 5258B8GHTW;
					};
					C0A0B5141D537FF30070E04F = {
						CreatedOnToolsVersion = 7.3.1;
						DevelopmentTeam = 5258B8GHTW;
						TestTargetID = C0A0B5001D537FF30070E04F;
					};
					C0A0B51F1D537FF30070E04F = {
						CreatedOnToolsVersion = 7.3.1;
						DevelopmentTeam = 5258B8GHTW;
						TestTargetID = C0A0B5001D537FF30070E04F;
					};
				};
			};
			buildConfigurationList = C0A0B4FC1D537FF30070E04F /* Build configuration list for PBXProject "Caipu" */;
			compatibilityVersion = "Xcode 3.2";
			developmentRegion = English;
			hasScannedForEncodings = 0;
			knownRegions = (
				en,
				Base,
			);
			mainGroup = C0A0B4F81D537FF30070E04F;
			productRefGroup = C0A0B5021D537FF30070E04F /* Products */;
			projectDirPath = "";
			projectRoot = "";
			targets = (
				C0A0B5001D537FF30070E04F /* Caipu */,
				C0A0B5141D537FF30070E04F /* CaipuTests */,
				C0A0B51F1D537FF30070E04F /* CaipuUITests */,
			);
		};
/* End PBXProject section */

/* Begin PBXResourcesBuildPhase section */
		C0A0B4FF1D537FF30070E04F /* Resources */ = {
			isa = PBXResourcesBuildPhase;
			buildActionMask = 2147483647;
			files = (
				C0A0B50F1D537FF30070E04F /* LaunchScreen.storyboard in Resources */,
				C0A0B50C1D537FF30070E04F /* Assets.xcassets in Resources */,
				C0A0B50A1D537FF30070E04F /* Main.storyboard in Resources */,
			);
			runOnlyForDeploymentPostprocessing = 0;
		};
		C0A0B5131D537FF30070E04F /* Resources */ = {
			isa = PBXResourcesBuildPhase;
			buildActionMask = 2147483647;
			files = (
			);
			runOnlyForDeploymentPostprocessing = 0;
		};
		C0A0B51E1D537FF30070E04F /* Resources */ = {
			isa = PBXResourcesBuildPhase;
			buildActionMask = 2147483647;
			files = (
			);
			runOnlyForDeploymentPostprocessing = 0;
		};
/* End PBXResourcesBuildPhase section */

/* Begin PBXSourcesBuildPhase section */
		C0A0B4FD1D537FF30070E04F /* Sources */ = {
			isa = PBXSourcesBuildPhase;
			buildActionMask = 2147483647;
			files = (
				C0A0B5071D537FF30070E04F /* ViewController.swift in Sources */,
				C0A0B5051D537FF30070E04F /* AppDelegate.swift in Sources */,
			);
			runOnlyForDeploymentPostprocessing = 0;
		};
		C0A0B5111D537FF30070E04F /* Sources */ = {
			isa = PBXSourcesBuildPhase;
			buildActionMask = 2147483647;
			files = (
				C0A0B51A1D537FF30070E04F /* CaipuTests.swift in Sources */,
			);
			runOnlyForDeploymentPostprocessing = 0;
		};
		C0A0B51C1D537FF30070E04F /* Sources */ = {
			isa = PBXSourcesBuildPhase;
			buildActionMask = 2147483647;
			files = (
				C0A0B5251D537FF30070E04F /* CaipuUITests.swift in Sources */,
			);
			runOnlyForDeploymentPostprocessing = 0;
		};
/* End PBXSourcesBuildPhase section */

/* Begin PBXTargetDependency section */
		C0A0B5171D537FF30070E04F /* PBXTargetDependency */ = {
			isa = PBXTargetDependency;
			target = C0A0B5001D537FF30070E04F /* Caipu */;
			targetProxy = C0A0B5161D537FF30070E04F /* PBXContainerItemProxy */;
		};
		C0A0B5221D537FF30070E04F /* PBXTargetDependency */ = {
			isa = PBXTargetDependency;
			target = C0A0B5001D537FF30070E04F /* Caipu */;
			targetProxy = C0A0B5211D537FF30070E04F /* PBXContainerItemProxy */;
		};
/* End PBXTargetDependency section */

/* Begin PBXVariantGroup section */
		C0A0B5081D537FF30070E04F /* Main.storyboard */ = {
			isa = PBXVariantGroup;
			children = (
				C0A0B5091D537FF30070E04F /* Base */,
			);
			name = Main.storyboard;
			sourceTree = "<group>";
		};
		C0A0B50D1D537FF30070E04F /* LaunchScreen.storyboard */ = {
			isa = PBXVariantGroup;
			children = (
				C0A0B50E1D537FF30070E04F /* Base */,
			);
			name = LaunchScreen.storyboard;
			sourceTree = "<group>";
		};
/* End PBXVariantGroup section */

/* Begin XCBuildConfiguration section */
		C0A0B5271D537FF30070E04F /* Debug */ = {
			isa = XCBuildConfiguration;
			buildSettings = {
				ALWAYS_SEARCH_USER_PATHS = NO;
				CLANG_ANALYZER_NONNULL = YES;
				CLANG_CXX_LANGUAGE_STANDARD = "gnu++0x";
				CLANG_CXX_LIBRARY = "libc++";
				CLANG_ENABLE_MODULES = YES;
				CLANG_ENABLE_OBJC_ARC = YES;
				CLANG_WARN_BOOL_CONVERSION = YES;
				CLANG_WARN_CONSTANT_CONVERSION = YES;
				CLANG_WARN_DIRECT_OBJC_ISA_USAGE = YES_ERROR;
				CLANG_WARN_EMPTY_BODY = YES;
				CLANG_WARN_ENUM_CONVERSION = YES;
				CLANG_WARN_INT_CONVERSION = YES;
				CLANG_WARN_OBJC_ROOT_CLASS = YES_ERROR;
				CLANG_WARN_UNREACHABLE_CODE = YES;
				CLANG_WARN__DUPLICATE_METHOD_MATCH = YES;
				"CODE_SIGN_IDENTITY[sdk=iphoneos*]" = "iPhone Developer";
				COPY_PHASE_STRIP = NO;
				DEBUG_INFORMATION_FORMAT = dwarf;
				ENABLE_STRICT_OBJC_MSGSEND = YES;
				ENABLE_TESTABILITY = YES;
				GCC_C_LANGUAGE_STANDARD = gnu99;
				GCC_DYNAMIC_NO_PIC = NO;
				GCC_NO_COMMON_BLOCKS = YES;
				GCC_OPTIMIZATION_LEVEL = 0;
				GCC_PREPROCESSOR_DEFINITIONS = (
					"DEBUG=1",
					"$(inherited)",
				);
				GCC_WARN_64_TO_32_BIT_CONVERSION = YES;
				GCC_WARN_ABOUT_RETURN_TYPE = YES_ERROR;
				GCC_WARN_UNDECLARED_SELECTOR = YES;
				GCC_WARN_UNINITIALIZED_AUTOS = YES_AGGRESSIVE;
				GCC_WARN_UNUSED_FUNCTION = YES;
				GCC_WARN_UNUSED_VARIABLE = YES;
				IPHONEOS_DEPLOYMENT_TARGET = 9.3;
				MTL_ENABLE_DEBUG_INFO = YES;
				ONLY_ACTIVE_ARCH = YES;
				SDKROOT = iphoneos;
				SWIFT_OPTIMIZATION_LEVEL = "-Onone";
			};
			name = Debug;
		};
		C0A0B5281D537FF30070E04F /* Release */ = {
			isa = XCBuildConfiguration;
			buildSettings = {
				ALWAYS_SEARCH_USER_PATHS = NO;
				CLANG_ANALYZER_NONNULL = YES;
				CLANG_CXX_LANGUAGE_STANDARD = "gnu++0x";
				CLANG_CXX_LIBRARY = "libc++";
				CLANG_ENABLE_MODULES = YES;
				CLANG_ENABLE_OBJC_ARC = YES;
				CLANG_WARN_BOOL_CONVERSION = YES;
				CLANG_WARN_CONSTANT_CONVERSION = YES;
				CLANG_WARN_DIRECT_OBJC_ISA_USAGE = YES_ERROR;
				CLANG_WARN_EMPTY_BODY = YES;
				CLANG_WARN_ENUM_CONVERSION = YES;
				CLANG_WARN_INT_CONVERSION = YES;
				CLANG_WARN_OBJC_ROOT_CLASS = YES_ERROR;
				CLANG_WARN_UNREACHABLE_CODE = YES;
				CLANG_WARN__DUPLICATE_METHOD_MATCH = YES;
				"CODE_SIGN_IDENTITY[sdk=iphoneos*]" = "iPhone Developer";
				COPY_PHASE_STRIP = NO;
				DEBUG_INFORMATION_FORMAT = "dwarf-with-dsym";
				ENABLE_NS_ASSERTIONS = NO;
				ENABLE_STRICT_OBJC_MSGSEND = YES;
				GCC_C_LANGUAGE_STANDARD = gnu99;
				GCC_NO_COMMON_BLOCKS = YES;
				GCC_WARN_64_TO_32_BIT_CONVERSION = YES;
				GCC_WARN_ABOUT_RETURN_TYPE = YES_ERROR;
				GCC_WARN_UNDECLARED_SELECTOR = YES;
				GCC_WARN_UNINITIALIZED_AUTOS = YES_AGGRESSIVE;
				GCC_WARN_UNUSED_FUNCTION = YES;
				GCC_WARN_UNUSED_VARIABLE = YES;
				IPHONEOS_DEPLOYMENT_TARGET = 9.3;
				MTL_ENABLE_DEBUG_INFO = NO;
				SDKROOT = iphoneos;
				VALIDATE_PRODUCT = YES;
			};
			name = Release;
		};
		C0A0B52A1D537FF30070E04F /* Debug */ = {
			isa = XCBuildConfiguration;
			buildSettings = {
				ASSETCATALOG_COMPILER_APPICON_NAME = AppIcon;
				INFOPLIST_FILE = Caipu/Info.plist;
				LD_RUNPATH_SEARCH_PATHS = "$(inherited) @executable_path/Frameworks";
				PRODUCT_BUNDLE_IDENTIFIER = com.vioson.Caipu;
				PRODUCT_NAME = "$(TARGET_NAME)";
			};
			name = Debug;
		};
		C0A0B52B1D537FF30070E04F /* Release */ = {
			isa = XCBuildConfiguration;
			buildSettings = {
				ASSETCATALOG_COMPILER_APPICON_NAME = AppIcon;
				INFOPLIST_FILE = Caipu/Info.plist;
				LD_RUNPATH_SEARCH_PATHS = "$(inherited) @executable_path/Frameworks";
				PRODUCT_BUNDLE_IDENTIFIER = com.vioson.Caipu;
				PRODUCT_NAME = "$(TARGET_NAME)";
			};
			name = Release;
		};
		C0A0B52D1D537FF30070E04F /* Debug */ = {
			isa = XCBuildConfiguration;
			buildSettings = {
				BUNDLE_LOADER = "$(TEST_HOST)";
				INFOPLIST_FILE = CaipuTests/Info.plist;
				LD_RUNPATH_SEARCH_PATHS = "$(inherited) @executable_path/Frameworks @loader_path/Frameworks";
				PRODUCT_BUNDLE_IDENTIFIER = com.vioson.CaipuTests;
				PRODUCT_NAME = "$(TARGET_NAME)";
				TEST_HOST = "$(BUILT_PRODUCTS_DIR)/Caipu.app/Caipu";
			};
			name = Debug;
		};
		C0A0B52E1D537FF30070E04F /* Release */ = {
			isa = XCBuildConfiguration;
			buildSettings = {
				BUNDLE_LOADER = "$(TEST_HOST)";
				INFOPLIST_FILE = CaipuTests/Info.plist;
				LD_RUNPATH_SEARCH_PATHS = "$(inherited) @executable_path/Frameworks @loader_path/Frameworks";
				PRODUCT_BUNDLE_IDENTIFIER = com.vioson.CaipuTests;
				PRODUCT_NAME = "$(TARGET_NAME)";
				TEST_HOST = "$(BUILT_PRODUCTS_DIR)/Caipu.app/Caipu";
			};
			name = Release;
		};
		C0A0B5301D537FF30070E04F /* Debug */ = {
			isa = XCBuildConfiguration;
			buildSettings = {
				INFOPLIST_FILE = CaipuUITests/Info.plist;
				LD_RUNPATH_SEARCH_PATHS = "$(inherited) @executable_path/Frameworks @loader_path/Frameworks";
				PRODUCT_BUNDLE_IDENTIFIER = com.vioson.CaipuUITests;
				PRODUCT_NAME = "$(TARGET_NAME)";
				TEST_TARGET_NAME = Caipu;
			};
			name = Debug;
		};
		C0A0B5311D537FF30070E04F /* Release */ = {
			isa = XCBuildConfiguration;
			buildSettings = {
				INFOPLIST_FILE = CaipuUITests/Info.plist;
				LD_RUNPATH_SEARCH_PATHS = "$(inherited) @executable_path/Frameworks @loader_path/Frameworks";
				PRODUCT_BUNDLE_IDENTIFIER = com.vioson.CaipuUITests;
				PRODUCT_NAME = "$(TARGET_NAME)";
				TEST_TARGET_NAME = Caipu;
			};
			name = Release;
		};
/* End XCBuildConfiguration section */

/* Begin XCConfigurationList section */
		C0A0B4FC1D537FF30070E04F /* Build configuration list for PBXProject "Caipu" */ = {
			isa = XCConfigurationList;
			buildConfigurations = (
				C0A0B5271D537FF30070E04F /* Debug */,
				C0A0B5281D537FF30070E04F /* Release */,
			);
			defaultConfigurationIsVisible = 0;
			defaultConfigurationName = Release;
		};
		C0A0B5291D537FF30070E04F /* Build configuration list for PBXNativeTarget "Caipu" */ = {
			isa = XCConfigurationList;
			buildConfigurations = (
				C0A0B52A1D537FF30070E04F /* Debug */,
				C0A0B52B1D537FF30070E04F /* Release */,
			);
			defaultConfigurationIsVisible = 0;
		};
		C0A0B52C1D537FF30070E04F /* Build configuration list for PBXNativeTarget "CaipuTests" */ = {
			isa = XCConfigurationList;
			buildConfigurations = (
				C0A0B52D1D537FF30070E04F /* Debug */,
				C0A0B52E1D537FF30070E04F /* Release */,
			);
			defaultConfigurationIsVisible = 0;
		};
		C0A0B52F1D537FF30070E04F /* Build configuration list for PBXNativeTarget "CaipuUITests" */ = {
			isa = XCConfigurationList;
			buildConfigurations = (
				C0A0B5301D537FF30070E04F /* Debug */,
				C0A0B5311D537FF30070E04F /* Release */,
			);
			defaultConfigurationIsVisible = 0;
		};
/* End XCConfigurationList section */
	};
	rootObject = C0A0B4F91D537FF30070E04F /* Project object */;
}
